
Microsoft Visual Studio Solution File, Format Version 12.00
# Visual Studio Version 16
VisualStudioVersion = 16.0.29709.97
MinimumVisualStudioVersion = 10.0.40219.1
Project("{FAE04EC0-301F-11D3-BF4B-00C04F79EFBC}") = "flightSimulator", "flightSimulator\flightSimulator.csproj", "{46958338-E6F3-47E1-8106-8E325E22B81F}"
EndProject
Global
	GlobalSection(SolutionConfigurationPlatforms) = preSolution
		Debug|Any CPU = Debug|Any CPU
		Release|Any CPU = Release|Any CPU
	EndGlobalSection
	GlobalSection(ProjectConfigurationPlatforms) = postSolution
		{46958338-E6F3-47E1-8106-8E325E22B81F}.Debug|Any CPU.ActiveCfg = Debug|Any CPU
		{46958338-E6F3-47E1-8106-8E325E22B81F}.Debug|Any CPU.Build.0 = Debug|Any CPU
		{46958338-E6F3-47E1-8106-8E325E22B81F}.Release|Any CPU.ActiveCfg = Release|Any CPU
		{46958338-E6F3-47E1-8106-8E325E22B81F}.Release|Any CPU.Build.0 = Release|Any CPU
	EndGlobalSection
	GlobalSection(SolutionProperties) = preSolution
		HideSolutionNode = FALSE
	EndGlobalSection
	GlobalSection(ExtensibilityGlobals) = postSolution
		SolutionGuid = {4CD1887D-D62D-4D37-9413-87335D1DABF1}
	EndGlobalSection
EndGlobal
